
Microsoft Visual Studio Solution File, Format Version 12.00
# Visual Studio Version 17
VisualStudioVersion = 17.13.35919.96
MinimumVisualStudioVersion = 10.0.40219.1
Project("{8BC9CEB8-8B4A-11D0-8D11-00A0C91BC942}") = "Sync", "Sync\Sync.vcxproj", "{8A8FDF93-A616-4E1B-9D39-02EAEFC94BE9}"
EndProject
Project("{8BC9CEB8-8B4A-11D0-8D11-00A0C91BC942}") = "Engine", "Engine\Engine.vcxproj", "{478F902C-DCDC-4563-9AC4-42B89E9BA66D}"
EndProject
Global
	GlobalSection(SolutionConfigurationPlatforms) = preSolution
		Release|x64 = Release|x64
	EndGlobalSection
	GlobalSection(ProjectConfigurationPlatforms) = postSolution
		{8A8FDF93-A616-4E1B-9D39-02EAEFC94BE9}.Release|x64.ActiveCfg = Release|x64
		{8A8FDF93-A616-4E1B-9D39-02EAEFC94BE9}.Release|x64.Build.0 = Release|x64
		{478F902C-DCDC-4563-9AC4-42B89E9BA66D}.Release|x64.ActiveCfg = Release|x64
		{478F902C-DCDC-4563-9AC4-42B89E9BA66D}.Release|x64.Build.0 = Release|x64
	EndGlobalSection
	GlobalSection(SolutionProperties) = preSolution
		HideSolutionNode = FALSE
	EndGlobalSection
	GlobalSection(ExtensibilityGlobals) = postSolution
		SolutionGuid = {6209135E-2200-48B1-8213-4D8A3C42BE8C}
	EndGlobalSection
EndGlobal
